{
  "object": {
    "pins": [
      {
        "package": "Alamofire",
        "repositoryURL": "https://github.com/Alamofire/Alamofire.git",
        "state": {
          "branch": null,
          "revision": "c1d14588e5558a3669fd03510d135d88c5109069",
          "version": "5.0.0-rc.2"
        }
      },
      {
        "package": "USDCurrencyConverter",
        "repositoryURL": "https://github.com/landtanin/USDCurrencyConverter.git",
        "state": {
          "branch": null,
          "revision": "0bcdc4b1250fd1b7cb2dd3719bac3a38e7a16eb7",
          "version": "0.0.9"
        }
      }
    ]
  },
  "version": 1
}
